
Microsoft Visual Studio Solution File, Format Version 12.00
# Visual Studio Version 17
VisualStudioVersion = 17.6.33829.357
MinimumVisualStudioVersion = 10.0.40219.1
Project("{FAE04EC0-301F-11D3-BF4B-00C04F79EFBC}") = "logbookPLV", "logbookPLV.csproj", "{5357E1C7-34CD-4B55-A6C8-3F608AE17FB4}"
EndProject
Global
	GlobalSection(SolutionConfigurationPlatforms) = preSolution
		Debug|Any CPU = Debug|Any CPU
		Release|Any CPU = Release|Any CPU
	EndGlobalSection
	GlobalSection(ProjectConfigurationPlatforms) = postSolution
		{5357E1C7-34CD-4B55-A6C8-3F608AE17FB4}.Debug|Any CPU.ActiveCfg = Debug|Any CPU
		{5357E1C7-34CD-4B55-A6C8-3F608AE17FB4}.Debug|Any CPU.Build.0 = Debug|Any CPU
		{5357E1C7-34CD-4B55-A6C8-3F608AE17FB4}.Release|Any CPU.ActiveCfg = Release|Any CPU
		{5357E1C7-34CD-4B55-A6C8-3F608AE17FB4}.Release|Any CPU.Build.0 = Release|Any CPU
	EndGlobalSection
	GlobalSection(SolutionProperties) = preSolution
		HideSolutionNode = FALSE
	EndGlobalSection
	GlobalSection(ExtensibilityGlobals) = postSolution
		SolutionGuid = {A650B889-660F-47DF-9301-A5A57F8FB5F5}
	EndGlobalSection
EndGlobal
